{
  "version": "3",
  "packages": {
    "specifiers": {
      "jsr:@stallone-dev/types-mtr-web-service@^0.4.0": "jsr:@stallone-dev/types-mtr-web-service@0.4.0",
      "jsr:@std/fs@^1.0.3": "jsr:@std/fs@1.0.3",
      "jsr:@std/path@^1.0.4": "jsr:@std/path@1.0.4"
    },
    "jsr": {
      "@stallone-dev/types-mtr-web-service@0.4.0": {
        "integrity": "0189d3dadc44a16d09887f50967963135d429e261fa1f11badf26d1d3a6322e8"
      },
      "@std/fs@1.0.3": {
        "integrity": "3cb839b1360b0a42d8b367c3093bfe4071798e6694fa44cf1963e04a8edba4fe",
        "dependencies": [
          "jsr:@std/path@^1.0.4"
        ]
      },
      "@std/path@1.0.4": {
        "integrity": "48dd5d8389bcfcd619338a01bdf862cb7799933390146a54ae59356a0acc7105"
      }
    }
  },
  "remote": {},
  "workspace": {
    "dependencies": [
      "jsr:@stallone-dev/types-mtr-web-service@^0.4.0",
      "jsr:@std/fs@^1.0.3"
    ]
  }
}
