{
  "version": "4",
  "specifiers": {
    "jsr:@stallone-dev/types-mtr-web-service@0.6": "0.6.0",
    "jsr:@std/assert@^1.0.5": "1.0.5",
    "jsr:@std/expect@^1.0.2": "1.0.3",
    "jsr:@std/internal@^1.0.3": "1.0.3",
    "jsr:@std/testing@^1.0.2": "1.0.2"
  },
  "jsr": {
    "@stallone-dev/types-mtr-web-service@0.6.0": {
      "integrity": "d18df0c12044986a875561cd946e2bee197f1051f2feda5849fa3655b9be1497"
    },
    "@std/assert@1.0.5": {
      "integrity": "e37da8e4033490ce613eec4ac1d78dba1faf5b02a3f6c573a28f15365b9b440f",
      "dependencies": [
        "jsr:@std/internal"
      ]
    },
    "@std/expect@1.0.3": {
      "integrity": "d9cbd03323ef7feafd1e969ed85d5edb04ebbd9937b0fe7a52d5ff53be8e913a",
      "dependencies": [
        "jsr:@std/assert",
        "jsr:@std/internal"
      ]
    },
    "@std/internal@1.0.3": {
      "integrity": "208e9b94a3d5649bd880e9ca38b885ab7651ab5b5303a56ed25de4755fb7b11e"
    },
    "@std/testing@1.0.2": {
      "integrity": "9e8a7f4e26c219addabe7942d09c3450fa0a74e9662341961bc0ef502274dec3"
    }
  },
  "workspace": {
    "dependencies": [
      "jsr:@stallone-dev/types-mtr-web-service@0.6",
      "jsr:@std/expect@^1.0.2",
      "jsr:@std/testing@^1.0.2"
    ]
  }
}
